<?xml version="1.0" encoding="utf-8"?>
<Project ToolsVersion="4.0" xmlns="http://schemas.microsoft.com/developer/msbuild/2003">
  <ItemGroup>
    <Filter Include="Source Files">
      <UniqueIdentifier>{4FC737F1-C7A5-4376-A066-2A32D752A2FF}</UniqueIdentifier>
      <Extensions>cpp;c;cc;cxx;def;odl;idl;hpj;bat;asm;asmx</Extensions>
    </Filter>
    <Filter Include="Header Files">
      <UniqueIdentifier>{93995380-89BD-4b04-88EB-625FBE52EBFB}</UniqueIdentifier>
      <Extensions>h;hh;hpp;hxx;hm;inl;inc;ipp;xsd</Extensions>
    </Filter>
    <Filter Include="Resource Files">
      <UniqueIdentifier>{67DA6AB6-F800-4c08-8B7A-83BB121AAD01}</UniqueIdentifier>
      <Extensions>rc;ico;cur;bmp;dlg;rc2;rct;bin;rgs;gif;jpg;jpeg;jpe;resx;tiff;tif;png;wav;mfcribbon-ms</Extensions>
    </Filter>
  </ItemGroup>
  <ItemGroup>
    <ClCompile Include="12_TSP_Genetic.cpp" />
    <ClCompile Include="src\canvas.cpp">
      <Filter>Source Files</Filter>
    </ClCompile>
    <ClCompile Include="src\ciudades.cpp">
      <Filter>Source Files</Filter>
    </ClCompile>
    <ClCompile Include="src\controlador.cpp">
      <Filter>Source Files</Filter>
    </ClCompile>
    <ClCompile Include="src\dialogo_fichero_linux.cpp">
      <Filter>Source Files</Filter>
    </ClCompile>
    <ClCompile Include="src\dialogo_fichero_windows.cpp">
      <Filter>Source Files</Filter>
    </ClCompile>
    <ClCompile Include="src\panel.cpp">
      <Filter>Source Files</Filter>
    </ClCompile>
    <ClCompile Include="src\ruta.cpp">
      <Filter>Source Files</Filter>
    </ClCompile>
    <ClCompile Include="src\vista.cpp">
      <Filter>Source Files</Filter>
    </ClCompile>
  </ItemGroup>
  <ItemGroup>
    <ClInclude Include="header\canvas.h">
      <Filter>Header Files</Filter>
    </ClInclude>
    <ClInclude Include="header\ciudades.h">
      <Filter>Header Files</Filter>
    </ClInclude>
    <ClInclude Include="header\controlador.h">
      <Filter>Header Files</Filter>
    </ClInclude>
    <ClInclude Include="header\dialogo_fichero_linux.h">
      <Filter>Header Files</Filter>
    </ClInclude>
    <ClInclude Include="header\dialogo_fichero_windows.h">
      <Filter>Header Files</Filter>
    </ClInclude>
    <ClInclude Include="header\genetico_tsp.h">
      <Filter>Header Files</Filter>
    </ClInclude>
    <ClInclude Include="header\genetico_tsp_impl.h">
      <Filter>Header Files</Filter>
    </ClInclude>
    <ClInclude Include="header\observador.h">
      <Filter>Header Files</Filter>
    </ClInclude>
    <ClInclude Include="header\panel.h">
      <Filter>Header Files</Filter>
    </ClInclude>
    <ClInclude Include="header\ruta.h">
      <Filter>Header Files</Filter>
    </ClInclude>
    <ClInclude Include="header\vista.h">
      <Filter>Header Files</Filter>
    </ClInclude>
  </ItemGroup>
  <ItemGroup>
    <Image Include="resources\Black.png">
      <Filter>Resource Files</Filter>
    </Image>
  </ItemGroup>
  <ItemGroup>
    <Text Include="resources\Black.txt">
      <Filter>Resource Files</Filter>
    </Text>
  </ItemGroup>
  <ItemGroup>
    <Font Include="resources\DejaVuSans.ttf">
      <Filter>Resource Files</Filter>
    </Font>
    <Font Include="resources\sansation.ttf">
      <Filter>Resource Files</Filter>
    </Font>
  </ItemGroup>
  <ItemGroup>
    <None Include="TSP_files\a280.tsp">
      <Filter>Resource Files</Filter>
    </None>
    <None Include="TSP_files\ali535.tsp">
      <Filter>Resource Files</Filter>
    </None>
    <None Include="TSP_files\berlin52.tsp">
      <Filter>Resource Files</Filter>
    </None>
    <None Include="TSP_files\gr666.tsp">
      <Filter>Resource Files</Filter>
    </None>
    <None Include="TSP_files\kroa100.tsp">
      <Filter>Resource Files</Filter>
    </None>
    <None Include="TSP_files\p654.tsp">
      <Filter>Resource Files</Filter>
    </None>
    <None Include="TSP_files\pr264.tsp">
      <Filter>Resource Files</Filter>
    </None>
    <None Include="TSP_files\rat575.tsp">
      <Filter>Resource Files</Filter>
    </None>
    <None Include="TSP_files\rl5915.tsp">
      <Filter>Resource Files</Filter>
    </None>
    <None Include="TSP_files\st70.tsp">
      <Filter>Resource Files</Filter>
    </None>
    <None Include="TSP_files\test4.tsp">
      <Filter>Resource Files</Filter>
    </None>
  </ItemGroup>
</Project>