
Microsoft Visual Studio Solution File, Format Version 12.00
# Visual Studio 15
VisualStudioVersion = 15.0.28010.2026
MinimumVisualStudioVersion = 10.0.40219.1
Project("{8BC9CEB8-8B4A-11D0-8D11-00A0C91BC942}") = "2_Taquin", "2_Taquin\2_Taquin.vcxproj", "{40FD093C-6B67-4875-8707-491AF29E97AF}"
EndProject
Project("{8BC9CEB8-8B4A-11D0-8D11-00A0C91BC942}") = "1_Taquin", "1_Taquin\1_Taquin.vcxproj", "{AA893081-C9AE-4572-98FD-826377356F1A}"
EndProject
Project("{8BC9CEB8-8B4A-11D0-8D11-00A0C91BC942}") = "3_Trajectories", "3_Trajectories\3_Trajectories.vcxproj", "{663FFC2C-9E08-44B1-9DBC-4915A50113FB}"
EndProject
Project("{8BC9CEB8-8B4A-11D0-8D11-00A0C91BC942}") = "4_Reversi", "4_Reversi\4_Reversi.vcxproj", "{13E0E7F2-8D21-4C9E-B3FC-120024A9FF19}"
EndProject
Project("{8BC9CEB8-8B4A-11D0-8D11-00A0C91BC942}") = "5_Pi", "5_Pi\5_Pi.vcxproj", "{7CA52FC3-3322-427E-9FE4-22A4A92A7924}"
EndProject
Project("{8BC9CEB8-8B4A-11D0-8D11-00A0C91BC942}") = "6_TSP", "6_TSP\6_TSP.vcxproj", "{6883FC22-0C84-467D-8328-4CBB6D677ED1}"
EndProject
Project("{8BC9CEB8-8B4A-11D0-8D11-00A0C91BC942}") = "7_Queens", "7_Queens\7_Queens.vcxproj", "{F5EB34F3-CFE8-4A25-B573-B18844EB9FC7}"
EndProject
Project("{8BC9CEB8-8B4A-11D0-8D11-00A0C91BC942}") = "9_Sudoku_CSP", "9_Sudoku_CSP\9_Sudoku_CSP.vcxproj", "{03DC8120-A142-402D-99D4-2D62177F6815}"
EndProject
Project("{8BC9CEB8-8B4A-11D0-8D11-00A0C91BC942}") = "10_Knapsack_BB", "10_Knapsack_BB\10_Knapsack_BB.vcxproj", "{D99561C8-2FF9-458C-ABA0-6AB79B8E5B87}"
EndProject
Project("{8BC9CEB8-8B4A-11D0-8D11-00A0C91BC942}") = "12_TSP_Genetic", "12_TSP_Genetic\12_TSP_Genetic.vcxproj", "{0FC59BFF-50B1-457C-80BA-8DC986868C32}"
EndProject
Project("{8BC9CEB8-8B4A-11D0-8D11-00A0C91BC942}") = "13_OCR", "13_OCR\13_OCR.vcxproj", "{2F7605CB-37B5-4766-8FB7-8156C96FC50D}"
EndProject
Project("{8BC9CEB8-8B4A-11D0-8D11-00A0C91BC942}") = "8_Queens_CSP", "8_Queens_CSP\8_Queens_CSP.vcxproj", "{60606B9C-276D-45E9-ABD5-84D6E18DB7D4}"
EndProject
Global
	GlobalSection(SolutionConfigurationPlatforms) = preSolution
		Debug|x64 = Debug|x64
		Debug|x86 = Debug|x86
		Release|x64 = Release|x64
		Release|x86 = Release|x86
	EndGlobalSection
	GlobalSection(ProjectConfigurationPlatforms) = postSolution
		{40FD093C-6B67-4875-8707-491AF29E97AF}.Debug|x64.ActiveCfg = Debug|x64
		{40FD093C-6B67-4875-8707-491AF29E97AF}.Debug|x64.Build.0 = Debug|x64
		{40FD093C-6B67-4875-8707-491AF29E97AF}.Debug|x86.ActiveCfg = Debug|Win32
		{40FD093C-6B67-4875-8707-491AF29E97AF}.Debug|x86.Build.0 = Debug|Win32
		{40FD093C-6B67-4875-8707-491AF29E97AF}.Release|x64.ActiveCfg = Release|x64
		{40FD093C-6B67-4875-8707-491AF29E97AF}.Release|x64.Build.0 = Release|x64
		{40FD093C-6B67-4875-8707-491AF29E97AF}.Release|x86.ActiveCfg = Release|Win32
		{40FD093C-6B67-4875-8707-491AF29E97AF}.Release|x86.Build.0 = Release|Win32
		{AA893081-C9AE-4572-98FD-826377356F1A}.Debug|x64.ActiveCfg = Debug|x64
		{AA893081-C9AE-4572-98FD-826377356F1A}.Debug|x64.Build.0 = Debug|x64
		{AA893081-C9AE-4572-98FD-826377356F1A}.Debug|x86.ActiveCfg = Debug|Win32
		{AA893081-C9AE-4572-98FD-826377356F1A}.Debug|x86.Build.0 = Debug|Win32
		{AA893081-C9AE-4572-98FD-826377356F1A}.Release|x64.ActiveCfg = Release|x64
		{AA893081-C9AE-4572-98FD-826377356F1A}.Release|x64.Build.0 = Release|x64
		{AA893081-C9AE-4572-98FD-826377356F1A}.Release|x86.ActiveCfg = Release|Win32
		{AA893081-C9AE-4572-98FD-826377356F1A}.Release|x86.Build.0 = Release|Win32
		{663FFC2C-9E08-44B1-9DBC-4915A50113FB}.Debug|x64.ActiveCfg = Debug|x64
		{663FFC2C-9E08-44B1-9DBC-4915A50113FB}.Debug|x64.Build.0 = Debug|x64
		{663FFC2C-9E08-44B1-9DBC-4915A50113FB}.Debug|x86.ActiveCfg = Debug|Win32
		{663FFC2C-9E08-44B1-9DBC-4915A50113FB}.Debug|x86.Build.0 = Debug|Win32
		{663FFC2C-9E08-44B1-9DBC-4915A50113FB}.Release|x64.ActiveCfg = Release|x64
		{663FFC2C-9E08-44B1-9DBC-4915A50113FB}.Release|x64.Build.0 = Release|x64
		{663FFC2C-9E08-44B1-9DBC-4915A50113FB}.Release|x86.ActiveCfg = Release|Win32
		{663FFC2C-9E08-44B1-9DBC-4915A50113FB}.Release|x86.Build.0 = Release|Win32
		{13E0E7F2-8D21-4C9E-B3FC-120024A9FF19}.Debug|x64.ActiveCfg = Debug|x64
		{13E0E7F2-8D21-4C9E-B3FC-120024A9FF19}.Debug|x64.Build.0 = Debug|x64
		{13E0E7F2-8D21-4C9E-B3FC-120024A9FF19}.Debug|x86.ActiveCfg = Debug|Win32
		{13E0E7F2-8D21-4C9E-B3FC-120024A9FF19}.Debug|x86.Build.0 = Debug|Win32
		{13E0E7F2-8D21-4C9E-B3FC-120024A9FF19}.Release|x64.ActiveCfg = Release|x64
		{13E0E7F2-8D21-4C9E-B3FC-120024A9FF19}.Release|x64.Build.0 = Release|x64
		{13E0E7F2-8D21-4C9E-B3FC-120024A9FF19}.Release|x86.ActiveCfg = Release|Win32
		{13E0E7F2-8D21-4C9E-B3FC-120024A9FF19}.Release|x86.Build.0 = Release|Win32
		{7CA52FC3-3322-427E-9FE4-22A4A92A7924}.Debug|x64.ActiveCfg = Debug|x64
		{7CA52FC3-3322-427E-9FE4-22A4A92A7924}.Debug|x64.Build.0 = Debug|x64
		{7CA52FC3-3322-427E-9FE4-22A4A92A7924}.Debug|x86.ActiveCfg = Debug|Win32
		{7CA52FC3-3322-427E-9FE4-22A4A92A7924}.Debug|x86.Build.0 = Debug|Win32
		{7CA52FC3-3322-427E-9FE4-22A4A92A7924}.Release|x64.ActiveCfg = Release|x64
		{7CA52FC3-3322-427E-9FE4-22A4A92A7924}.Release|x64.Build.0 = Release|x64
		{7CA52FC3-3322-427E-9FE4-22A4A92A7924}.Release|x86.ActiveCfg = Release|Win32
		{7CA52FC3-3322-427E-9FE4-22A4A92A7924}.Release|x86.Build.0 = Release|Win32
		{6883FC22-0C84-467D-8328-4CBB6D677ED1}.Debug|x64.ActiveCfg = Debug|x64
		{6883FC22-0C84-467D-8328-4CBB6D677ED1}.Debug|x64.Build.0 = Debug|x64
		{6883FC22-0C84-467D-8328-4CBB6D677ED1}.Debug|x86.ActiveCfg = Debug|Win32
		{6883FC22-0C84-467D-8328-4CBB6D677ED1}.Debug|x86.Build.0 = Debug|Win32
		{6883FC22-0C84-467D-8328-4CBB6D677ED1}.Release|x64.ActiveCfg = Release|x64
		{6883FC22-0C84-467D-8328-4CBB6D677ED1}.Release|x64.Build.0 = Release|x64
		{6883FC22-0C84-467D-8328-4CBB6D677ED1}.Release|x86.ActiveCfg = Release|Win32
		{6883FC22-0C84-467D-8328-4CBB6D677ED1}.Release|x86.Build.0 = Release|Win32
		{F5EB34F3-CFE8-4A25-B573-B18844EB9FC7}.Debug|x64.ActiveCfg = Debug|x64
		{F5EB34F3-CFE8-4A25-B573-B18844EB9FC7}.Debug|x64.Build.0 = Debug|x64
		{F5EB34F3-CFE8-4A25-B573-B18844EB9FC7}.Debug|x86.ActiveCfg = Debug|Win32
		{F5EB34F3-CFE8-4A25-B573-B18844EB9FC7}.Debug|x86.Build.0 = Debug|Win32
		{F5EB34F3-CFE8-4A25-B573-B18844EB9FC7}.Release|x64.ActiveCfg = Release|x64
		{F5EB34F3-CFE8-4A25-B573-B18844EB9FC7}.Release|x64.Build.0 = Release|x64
		{F5EB34F3-CFE8-4A25-B573-B18844EB9FC7}.Release|x86.ActiveCfg = Release|Win32
		{F5EB34F3-CFE8-4A25-B573-B18844EB9FC7}.Release|x86.Build.0 = Release|Win32
		{03DC8120-A142-402D-99D4-2D62177F6815}.Debug|x64.ActiveCfg = Debug|x64
		{03DC8120-A142-402D-99D4-2D62177F6815}.Debug|x64.Build.0 = Debug|x64
		{03DC8120-A142-402D-99D4-2D62177F6815}.Debug|x86.ActiveCfg = Debug|Win32
		{03DC8120-A142-402D-99D4-2D62177F6815}.Debug|x86.Build.0 = Debug|Win32
		{03DC8120-A142-402D-99D4-2D62177F6815}.Release|x64.ActiveCfg = Release|x64
		{03DC8120-A142-402D-99D4-2D62177F6815}.Release|x64.Build.0 = Release|x64
		{03DC8120-A142-402D-99D4-2D62177F6815}.Release|x86.ActiveCfg = Release|Win32
		{03DC8120-A142-402D-99D4-2D62177F6815}.Release|x86.Build.0 = Release|Win32
		{D99561C8-2FF9-458C-ABA0-6AB79B8E5B87}.Debug|x64.ActiveCfg = Debug|x64
		{D99561C8-2FF9-458C-ABA0-6AB79B8E5B87}.Debug|x64.Build.0 = Debug|x64
		{D99561C8-2FF9-458C-ABA0-6AB79B8E5B87}.Debug|x86.ActiveCfg = Debug|Win32
		{D99561C8-2FF9-458C-ABA0-6AB79B8E5B87}.Debug|x86.Build.0 = Debug|Win32
		{D99561C8-2FF9-458C-ABA0-6AB79B8E5B87}.Release|x64.ActiveCfg = Release|x64
		{D99561C8-2FF9-458C-ABA0-6AB79B8E5B87}.Release|x64.Build.0 = Release|x64
		{D99561C8-2FF9-458C-ABA0-6AB79B8E5B87}.Release|x86.ActiveCfg = Release|Win32
		{D99561C8-2FF9-458C-ABA0-6AB79B8E5B87}.Release|x86.Build.0 = Release|Win32
		{0FC59BFF-50B1-457C-80BA-8DC986868C32}.Debug|x64.ActiveCfg = Debug|x64
		{0FC59BFF-50B1-457C-80BA-8DC986868C32}.Debug|x64.Build.0 = Debug|x64
		{0FC59BFF-50B1-457C-80BA-8DC986868C32}.Debug|x86.ActiveCfg = Debug|Win32
		{0FC59BFF-50B1-457C-80BA-8DC986868C32}.Debug|x86.Build.0 = Debug|Win32
		{0FC59BFF-50B1-457C-80BA-8DC986868C32}.Release|x64.ActiveCfg = Release|x64
		{0FC59BFF-50B1-457C-80BA-8DC986868C32}.Release|x64.Build.0 = Release|x64
		{0FC59BFF-50B1-457C-80BA-8DC986868C32}.Release|x86.ActiveCfg = Release|Win32
		{0FC59BFF-50B1-457C-80BA-8DC986868C32}.Release|x86.Build.0 = Release|Win32
		{2F7605CB-37B5-4766-8FB7-8156C96FC50D}.Debug|x64.ActiveCfg = Debug|x64
		{2F7605CB-37B5-4766-8FB7-8156C96FC50D}.Debug|x64.Build.0 = Debug|x64
		{2F7605CB-37B5-4766-8FB7-8156C96FC50D}.Debug|x86.ActiveCfg = Debug|Win32
		{2F7605CB-37B5-4766-8FB7-8156C96FC50D}.Debug|x86.Build.0 = Debug|Win32
		{2F7605CB-37B5-4766-8FB7-8156C96FC50D}.Release|x64.ActiveCfg = Release|x64
		{2F7605CB-37B5-4766-8FB7-8156C96FC50D}.Release|x64.Build.0 = Release|x64
		{2F7605CB-37B5-4766-8FB7-8156C96FC50D}.Release|x86.ActiveCfg = Release|Win32
		{2F7605CB-37B5-4766-8FB7-8156C96FC50D}.Release|x86.Build.0 = Release|Win32
		{60606B9C-276D-45E9-ABD5-84D6E18DB7D4}.Debug|x64.ActiveCfg = Debug|x64
		{60606B9C-276D-45E9-ABD5-84D6E18DB7D4}.Debug|x64.Build.0 = Debug|x64
		{60606B9C-276D-45E9-ABD5-84D6E18DB7D4}.Debug|x86.ActiveCfg = Debug|Win32
		{60606B9C-276D-45E9-ABD5-84D6E18DB7D4}.Debug|x86.Build.0 = Debug|Win32
		{60606B9C-276D-45E9-ABD5-84D6E18DB7D4}.Release|x64.ActiveCfg = Release|x64
		{60606B9C-276D-45E9-ABD5-84D6E18DB7D4}.Release|x64.Build.0 = Release|x64
		{60606B9C-276D-45E9-ABD5-84D6E18DB7D4}.Release|x86.ActiveCfg = Release|Win32
		{60606B9C-276D-45E9-ABD5-84D6E18DB7D4}.Release|x86.Build.0 = Release|Win32
	EndGlobalSection
	GlobalSection(SolutionProperties) = preSolution
		HideSolutionNode = FALSE
	EndGlobalSection
	GlobalSection(ExtensibilityGlobals) = postSolution
		SolutionGuid = {FF7FF36C-782E-49A0-A9A0-B6F5A4CF83EE}
	EndGlobalSection
EndGlobal
