<?xml version="1.0" encoding="utf-8"?>
<Project ToolsVersion="4.0" xmlns="http://schemas.microsoft.com/developer/msbuild/2003">
  <ItemGroup>
    <Filter Include="Source Files">
      <UniqueIdentifier>{4FC737F1-C7A5-4376-A066-2A32D752A2FF}</UniqueIdentifier>
      <Extensions>cpp;c;cc;cxx;def;odl;idl;hpj;bat;asm;asmx</Extensions>
    </Filter>
    <Filter Include="Header Files">
      <UniqueIdentifier>{93995380-89BD-4b04-88EB-625FBE52EBFB}</UniqueIdentifier>
      <Extensions>h;hh;hpp;hxx;hm;inl;inc;ipp;xsd</Extensions>
    </Filter>
    <Filter Include="Resource Files">
      <UniqueIdentifier>{67DA6AB6-F800-4c08-8B7A-83BB121AAD01}</UniqueIdentifier>
      <Extensions>rc;ico;cur;bmp;dlg;rc2;rct;bin;rgs;gif;jpg;jpeg;jpe;resx;tiff;tif;png;wav;mfcribbon-ms</Extensions>
    </Filter>
  </ItemGroup>
  <ItemGroup>
    <ClCompile Include="src\casilla.cpp">
      <Filter>Source Files</Filter>
    </ClCompile>
    <ClCompile Include="src\controlador.cpp">
      <Filter>Source Files</Filter>
    </ClCompile>
    <ClCompile Include="src\nodo_reversi.cpp">
      <Filter>Source Files</Filter>
    </ClCompile>
    <ClCompile Include="src\panel.cpp">
      <Filter>Source Files</Filter>
    </ClCompile>
    <ClCompile Include="src\posicion_reversi.cpp">
      <Filter>Source Files</Filter>
    </ClCompile>
    <ClCompile Include="src\rejilla.cpp">
      <Filter>Source Files</Filter>
    </ClCompile>
    <ClCompile Include="src\reversi.cpp">
      <Filter>Source Files</Filter>
    </ClCompile>
    <ClCompile Include="src\vista.cpp">
      <Filter>Source Files</Filter>
    </ClCompile>
    <ClCompile Include="4_Reversi.cpp" />
  </ItemGroup>
  <ItemGroup>
    <ClInclude Include="header\casilla.h">
      <Filter>Header Files</Filter>
    </ClInclude>
    <ClInclude Include="header\controlador.h">
      <Filter>Header Files</Filter>
    </ClInclude>
    <ClInclude Include="header\enumeraciones.h">
      <Filter>Header Files</Filter>
    </ClInclude>
    <ClInclude Include="header\nodo_reversi.h">
      <Filter>Header Files</Filter>
    </ClInclude>
    <ClInclude Include="header\observador.h">
      <Filter>Header Files</Filter>
    </ClInclude>
    <ClInclude Include="header\panel.h">
      <Filter>Header Files</Filter>
    </ClInclude>
    <ClInclude Include="header\posicion_reversi.h">
      <Filter>Header Files</Filter>
    </ClInclude>
    <ClInclude Include="header\rejilla.h">
      <Filter>Header Files</Filter>
    </ClInclude>
    <ClInclude Include="header\reversi.h">
      <Filter>Header Files</Filter>
    </ClInclude>
    <ClInclude Include="header\texturas.h">
      <Filter>Header Files</Filter>
    </ClInclude>
    <ClInclude Include="header\vista.h">
      <Filter>Header Files</Filter>
    </ClInclude>
  </ItemGroup>
  <ItemGroup>
    <Font Include="resources\arial.ttf">
      <Filter>Resource Files</Filter>
    </Font>
    <Font Include="resources\sansation.ttf">
      <Filter>Resource Files</Filter>
    </Font>
  </ItemGroup>
</Project>